{
  "name": "images",
  "version": "1.0.0",
  "lockfileVersion": 2,
  "requires": true,
  "packages": {
    "": {
      "name": "images",
      "version": "1.0.0",
      "license": "ISC",
      "dependencies": {
        "guacamole-common-js": "^1.5.0"
      }
    },
    "node_modules/guacamole-common-js": {
      "version": "1.5.0",
      "resolved": "https://registry.npmjs.org/guacamole-common-js/-/guacamole-common-js-1.5.0.tgz",
      "integrity": "sha512-zxztif3GGhKbg1RgOqwmqot8kXgv2HmHFg1EvWwd4q7UfEKvBcYZ0f+7G8HzvU+FUxF0Psqm9Kl5vCbgfrRgJg=="
    }
  },
  "dependencies": {
    "guacamole-common-js": {
      "version": "1.5.0",
      "resolved": "https://registry.npmjs.org/guacamole-common-js/-/guacamole-common-js-1.5.0.tgz",
      "integrity": "sha512-zxztif3GGhKbg1RgOqwmqot8kXgv2HmHFg1EvWwd4q7UfEKvBcYZ0f+7G8HzvU+FUxF0Psqm9Kl5vCbgfrRgJg=="
    }
  }
}
